
Microsoft Visual Studio Solution File, Format Version 12.00
# Visual Studio Version 17
VisualStudioVersion = 17.7.34024.191
MinimumVisualStudioVersion = 10.0.40219.1
Project("{FAE04EC0-301F-11D3-BF4B-00C04F79EFBC}") = "Semana04EFCore.API", "Semana04EFCore.API\Semana04EFCore.API.csproj", "{2370A46F-9724-4AC8-9DF6-94CDFD21BCC5}"
EndProject
Global
	GlobalSection(SolutionConfigurationPlatforms) = preSolution
		Debug|Any CPU = Debug|Any CPU
		Release|Any CPU = Release|Any CPU
	EndGlobalSection
	GlobalSection(ProjectConfigurationPlatforms) = postSolution
		{2370A46F-9724-4AC8-9DF6-94CDFD21BCC5}.Debug|Any CPU.ActiveCfg = Debug|Any CPU
		{2370A46F-9724-4AC8-9DF6-94CDFD21BCC5}.Debug|Any CPU.Build.0 = Debug|Any CPU
		{2370A46F-9724-4AC8-9DF6-94CDFD21BCC5}.Release|Any CPU.ActiveCfg = Release|Any CPU
		{2370A46F-9724-4AC8-9DF6-94CDFD21BCC5}.Release|Any CPU.Build.0 = Release|Any CPU
	EndGlobalSection
	GlobalSection(SolutionProperties) = preSolution
		HideSolutionNode = FALSE
	EndGlobalSection
	GlobalSection(ExtensibilityGlobals) = postSolution
		SolutionGuid = {BF2AC87C-5C08-4A33-845E-A018F16D6471}
	EndGlobalSection
EndGlobal
